
Microsoft Visual Studio Solution File, Format Version 12.00
# Visual Studio 15
VisualStudioVersion = 15.0.28010.2036
MinimumVisualStudioVersion = 10.0.40219.1
Project("{9A19103F-16F7-4668-BE54-9A1E7A4F7556}") = "04.Hit List", "04.Hit List\04.Hit List.csproj", "{375F225E-2D1F-4CB9-9CBC-019775A2F67D}"
EndProject
Project("{9A19103F-16F7-4668-BE54-9A1E7A4F7556}") = "03.Crypto Blockchain", "03.Crypto Blockchain\03.Crypto Blockchain.csproj", "{B9C0D5F7-8194-4FAF-9EA3-43F072E93DAD}"
EndProject
Project("{FAE04EC0-301F-11D3-BF4B-00C04F79EFBC}") = "01.Key Revolver", "01.Key Revolver\01.Key Revolver.csproj", "{1C374EAF-F558-4724-9A29-C8BD65BBD4F9}"
EndProject
Global
	GlobalSection(SolutionConfigurationPlatforms) = preSolution
		Debug|Any CPU = Debug|Any CPU
		Release|Any CPU = Release|Any CPU
	EndGlobalSection
	GlobalSection(ProjectConfigurationPlatforms) = postSolution
		{375F225E-2D1F-4CB9-9CBC-019775A2F67D}.Debug|Any CPU.ActiveCfg = Debug|Any CPU
		{375F225E-2D1F-4CB9-9CBC-019775A2F67D}.Debug|Any CPU.Build.0 = Debug|Any CPU
		{375F225E-2D1F-4CB9-9CBC-019775A2F67D}.Release|Any CPU.ActiveCfg = Release|Any CPU
		{375F225E-2D1F-4CB9-9CBC-019775A2F67D}.Release|Any CPU.Build.0 = Release|Any CPU
		{B9C0D5F7-8194-4FAF-9EA3-43F072E93DAD}.Debug|Any CPU.ActiveCfg = Debug|Any CPU
		{B9C0D5F7-8194-4FAF-9EA3-43F072E93DAD}.Debug|Any CPU.Build.0 = Debug|Any CPU
		{B9C0D5F7-8194-4FAF-9EA3-43F072E93DAD}.Release|Any CPU.ActiveCfg = Release|Any CPU
		{B9C0D5F7-8194-4FAF-9EA3-43F072E93DAD}.Release|Any CPU.Build.0 = Release|Any CPU
		{1C374EAF-F558-4724-9A29-C8BD65BBD4F9}.Debug|Any CPU.ActiveCfg = Debug|Any CPU
		{1C374EAF-F558-4724-9A29-C8BD65BBD4F9}.Debug|Any CPU.Build.0 = Debug|Any CPU
		{1C374EAF-F558-4724-9A29-C8BD65BBD4F9}.Release|Any CPU.ActiveCfg = Release|Any CPU
		{1C374EAF-F558-4724-9A29-C8BD65BBD4F9}.Release|Any CPU.Build.0 = Release|Any CPU
	EndGlobalSection
	GlobalSection(SolutionProperties) = preSolution
		HideSolutionNode = FALSE
	EndGlobalSection
	GlobalSection(ExtensibilityGlobals) = postSolution
		SolutionGuid = {DC49295A-10AF-4DDA-B6F8-3F5E16B018FD}
	EndGlobalSection
EndGlobal
