
Microsoft Visual Studio Solution File, Format Version 12.00
# Visual Studio 15
VisualStudioVersion = 15.0.28010.2036
MinimumVisualStudioVersion = 10.0.40219.1
Project("{9A19103F-16F7-4668-BE54-9A1E7A4F7556}") = "04.Movie Time", "04.Movie Time\04.Movie Time.csproj", "{9CF7DD82-7C7D-4658-ACD1-E95A2BB909D9}"
EndProject
Project("{9A19103F-16F7-4668-BE54-9A1E7A4F7556}") = "03.Ticket Trouble", "03.Ticket Trouble\03.Ticket Trouble.csproj", "{16B3AEDC-1E83-4798-9066-F58ED345E9F1}"
EndProject
Project("{FAE04EC0-301F-11D3-BF4B-00C04F79EFBC}") = "01.Crossroads", "01.Crossroads\01.Crossroads.csproj", "{E0F89E0C-7F79-442B-AA98-19AC164E042B}"
EndProject
Global
	GlobalSection(SolutionConfigurationPlatforms) = preSolution
		Debug|Any CPU = Debug|Any CPU
		Release|Any CPU = Release|Any CPU
	EndGlobalSection
	GlobalSection(ProjectConfigurationPlatforms) = postSolution
		{9CF7DD82-7C7D-4658-ACD1-E95A2BB909D9}.Debug|Any CPU.ActiveCfg = Debug|Any CPU
		{9CF7DD82-7C7D-4658-ACD1-E95A2BB909D9}.Debug|Any CPU.Build.0 = Debug|Any CPU
		{9CF7DD82-7C7D-4658-ACD1-E95A2BB909D9}.Release|Any CPU.ActiveCfg = Release|Any CPU
		{9CF7DD82-7C7D-4658-ACD1-E95A2BB909D9}.Release|Any CPU.Build.0 = Release|Any CPU
		{16B3AEDC-1E83-4798-9066-F58ED345E9F1}.Debug|Any CPU.ActiveCfg = Debug|Any CPU
		{16B3AEDC-1E83-4798-9066-F58ED345E9F1}.Debug|Any CPU.Build.0 = Debug|Any CPU
		{16B3AEDC-1E83-4798-9066-F58ED345E9F1}.Release|Any CPU.ActiveCfg = Release|Any CPU
		{16B3AEDC-1E83-4798-9066-F58ED345E9F1}.Release|Any CPU.Build.0 = Release|Any CPU
		{E0F89E0C-7F79-442B-AA98-19AC164E042B}.Debug|Any CPU.ActiveCfg = Debug|Any CPU
		{E0F89E0C-7F79-442B-AA98-19AC164E042B}.Debug|Any CPU.Build.0 = Debug|Any CPU
		{E0F89E0C-7F79-442B-AA98-19AC164E042B}.Release|Any CPU.ActiveCfg = Release|Any CPU
		{E0F89E0C-7F79-442B-AA98-19AC164E042B}.Release|Any CPU.Build.0 = Release|Any CPU
	EndGlobalSection
	GlobalSection(SolutionProperties) = preSolution
		HideSolutionNode = FALSE
	EndGlobalSection
	GlobalSection(ExtensibilityGlobals) = postSolution
		SolutionGuid = {B3B2B58E-5ED2-4741-95B9-194F868DCA00}
	EndGlobalSection
EndGlobal
